{
  "version": 4,
  "terraform_version": "1.2.6",
  "serial": 156,
  "lineage": "5282b888-f0be-ba4c-4414-0386fe5e529d",
  "outputs": {},
  "resources": [
    {
      "mode": "managed",
      "type": "aws_s3_bucket",
      "name": "mydev-ossing-ta",
      "provider": "provider[\"registry.terraform.io/hashicorp/aws\"]",
      "instances": [
        {
          "schema_version": 0,
          "attributes": {
            "acceleration_status": "",
            "acl": null,
            "arn": "arn:aws:s3:::mydev-ossing-ta",
            "bucket": "mydev-ossing-ta",
            "bucket_domain_name": "mydev-ossing-ta.s3.amazonaws.com",
            "bucket_prefix": null,
            "bucket_regional_domain_name": "mydev-ossing-ta.s3.amazonaws.com",
            "cors_rule": [],
            "force_destroy": false,
            "grant": [
              {
                "id": "90d6384203e1fac572a5330e6d0d2b5a8bfcd79c4f8a8a317456e92224058e1a",
                "permissions": [
                  "FULL_CONTROL"
                ],
                "type": "CanonicalUser",
                "uri": ""
              }
            ],
            "hosted_zone_id": "Z3AQBSTGFYJSTF",
            "id": "mydev-ossing-ta",
            "lifecycle_rule": [],
            "logging": [],
            "object_lock_configuration": [],
            "object_lock_enabled": false,
            "policy": "{\"Version\":\"2012-10-17\",\"Id\":\"AWSLogDeliveryWrite20150319\",\"Statement\":[{\"Sid\":\"AWSLogDeliveryWrite\",\"Effect\":\"Allow\",\"Principal\":{\"Service\":\"delivery.logs.amazonaws.com\"},\"Action\":\"s3:PutObject\",\"Resource\":\"arn:aws:s3:::mydev-ossing-ta/AWSLogs/451445594773/*\",\"Condition\":{\"StringEquals\":{\"s3:x-amz-acl\":\"bucket-owner-full-control\",\"aws:SourceAccount\":\"451445594773\"},\"ArnLike\":{\"aws:SourceArn\":\"arn:aws:logs:us-east-1:451445594773:*\"}}},{\"Sid\":\"AWSLogDeliveryAclCheck\",\"Effect\":\"Allow\",\"Principal\":{\"Service\":\"delivery.logs.amazonaws.com\"},\"Action\":\"s3:GetBucketAcl\",\"Resource\":\"arn:aws:s3:::mydev-ossing-ta\",\"Condition\":{\"StringEquals\":{\"aws:SourceAccount\":\"451445594773\"},\"ArnLike\":{\"aws:SourceArn\":\"arn:aws:logs:us-east-1:451445594773:*\"}}}]}",
            "region": "us-east-1",
            "replication_configuration": [],
            "request_payer": "BucketOwner",
            "server_side_encryption_configuration": [],
            "tags": {
              "Environment": "prod",
              "Name": "mydev-ossing-ta"
            },
            "tags_all": {
              "Environment": "prod",
              "Name": "mydev-ossing-ta"
            },
            "timeouts": null,
            "versioning": [
              {
                "enabled": false,
                "mfa_delete": false
              }
            ],
            "website": [],
            "website_domain": null,
            "website_endpoint": null
          },
          "sensitive_attributes": [],
          "private": "eyJlMmJmYjczMC1lY2FhLTExZTYtOGY4OC0zNDM2M2JjN2M0YzAiOnsiY3JlYXRlIjoxMjAwMDAwMDAwMDAwLCJkZWxldGUiOjM2MDAwMDAwMDAwMDAsInJlYWQiOjEyMDAwMDAwMDAwMDAsInVwZGF0ZSI6MTIwMDAwMDAwMDAwMH19"
        }
      ]
    }
  ]
}
